
Microsoft Visual Studio Solution File, Format Version 12.00
# Visual Studio Version 16
VisualStudioVersion = 16.0.29806.167
MinimumVisualStudioVersion = 10.0.40219.1
Project("{9A19103F-16F7-4668-BE54-9A1E7A4F7556}") = "Bonsai.ONIX.Design", "Bonsai.ONIX.Design\Bonsai.ONIX.Design.csproj", "{78AFE38F-56C2-46C5-B435-AE877277ADDD}"
EndProject
Project("{9A19103F-16F7-4668-BE54-9A1E7A4F7556}") = "Bonsai.ONIX", "Bonsai.ONIX\Bonsai.ONIX.csproj", "{451A3386-9BF1-4EDC-B126-22178DB9302C}"
EndProject
Global
	GlobalSection(SolutionConfigurationPlatforms) = preSolution
		Debug|Any CPU = Debug|Any CPU
		Debug|x64 = Debug|x64
		Release|Any CPU = Release|Any CPU
		Release|x64 = Release|x64
	EndGlobalSection
	GlobalSection(ProjectConfigurationPlatforms) = postSolution
		{451A3386-9BF1-4EDC-B126-22178DB9302C}.Debug|Any CPU.ActiveCfg = Debug|Any CPU
		{451A3386-9BF1-4EDC-B126-22178DB9302C}.Debug|Any CPU.Build.0 = Debug|Any CPU
		{451A3386-9BF1-4EDC-B126-22178DB9302C}.Debug|x64.ActiveCfg = Debug|x64
		{451A3386-9BF1-4EDC-B126-22178DB9302C}.Debug|x64.Build.0 = Debug|x64
		{451A3386-9BF1-4EDC-B126-22178DB9302C}.Release|Any CPU.ActiveCfg = Release|Any CPU
		{451A3386-9BF1-4EDC-B126-22178DB9302C}.Release|Any CPU.Build.0 = Release|Any CPU
		{451A3386-9BF1-4EDC-B126-22178DB9302C}.Release|x64.ActiveCfg = Release|x64
		{451A3386-9BF1-4EDC-B126-22178DB9302C}.Release|x64.Build.0 = Release|x64
		{78AFE38F-56C2-46C5-B435-AE877277ADDD}.Debug|Any CPU.ActiveCfg = Debug|Any CPU
		{78AFE38F-56C2-46C5-B435-AE877277ADDD}.Debug|Any CPU.Build.0 = Debug|Any CPU
		{78AFE38F-56C2-46C5-B435-AE877277ADDD}.Debug|x64.ActiveCfg = Debug|x64
		{78AFE38F-56C2-46C5-B435-AE877277ADDD}.Debug|x64.Build.0 = Debug|x64
		{78AFE38F-56C2-46C5-B435-AE877277ADDD}.Release|Any CPU.ActiveCfg = Release|Any CPU
		{78AFE38F-56C2-46C5-B435-AE877277ADDD}.Release|Any CPU.Build.0 = Release|Any CPU
		{78AFE38F-56C2-46C5-B435-AE877277ADDD}.Release|x64.ActiveCfg = Release|x64
		{78AFE38F-56C2-46C5-B435-AE877277ADDD}.Release|x64.Build.0 = Release|x64
	EndGlobalSection
	GlobalSection(SolutionProperties) = preSolution
		HideSolutionNode = FALSE
	EndGlobalSection
	GlobalSection(ExtensibilityGlobals) = postSolution
		SolutionGuid = {D731FCDE-FC57-479A-B7F9-AEBED83523EF}
	EndGlobalSection
EndGlobal
